<Solution>
  <Folder Name="/src/">
    <Project Path="src/Messenger.Application/Messenger.Application.csproj" />
    <Project Path="src/Messenger.Domain/Messenger.Domain.csproj" />
    <Project Path="src/Messenger.Infrastructure/Messenger.Infrastructure.csproj" />
    <Project Path="src/Messenger.WebAPI/Messenger.WebAPI.csproj" />
  </Folder>
</Solution>
